
Microsoft Visual Studio Solution File, Format Version 12.00
# Visual Studio Version 16
VisualStudioVersion = 16.0.32802.440
MinimumVisualStudioVersion = 10.0.40219.1
Project("{FAE04EC0-301F-11D3-BF4B-00C04F79EFBC}") = "Replica", "Replica.csproj", "{739BBBF3-06DE-4382-A129-603038599103}"
EndProject
Global
	GlobalSection(SolutionConfigurationPlatforms) = preSolution
		Debug|Any CPU = Debug|Any CPU
		Release|Any CPU = Release|Any CPU
	EndGlobalSection
	GlobalSection(ProjectConfigurationPlatforms) = postSolution
		{739BBBF3-06DE-4382-A129-603038599103}.Debug|Any CPU.ActiveCfg = Debug|Any CPU
		{739BBBF3-06DE-4382-A129-603038599103}.Debug|Any CPU.Build.0 = Debug|Any CPU
		{739BBBF3-06DE-4382-A129-603038599103}.Release|Any CPU.ActiveCfg = Release|Any CPU
		{739BBBF3-06DE-4382-A129-603038599103}.Release|Any CPU.Build.0 = Release|Any CPU
	EndGlobalSection
	GlobalSection(SolutionProperties) = preSolution
		HideSolutionNode = FALSE
	EndGlobalSection
	GlobalSection(ExtensibilityGlobals) = postSolution
		SolutionGuid = {E83FE071-8ABE-4570-86E0-867D1A0E8AF0}
	EndGlobalSection
EndGlobal
